
Microsoft Visual Studio Solution File, Format Version 12.00
# Visual Studio Version 17
VisualStudioVersion = 17.11.35327.3
MinimumVisualStudioVersion = 10.0.40219.1
Project("{FAE04EC0-301F-11D3-BF4B-00C04F79EFBC}") = "DeliveryServiceConsoleApp", "DeliveryServiceConsoleApp\DeliveryServiceConsoleApp.csproj", "{766BD757-79DB-44DA-914E-07BD381D56D2}"
EndProject
Global
	GlobalSection(SolutionConfigurationPlatforms) = preSolution
		Debug|Any CPU = Debug|Any CPU
		Release|Any CPU = Release|Any CPU
	EndGlobalSection
	GlobalSection(ProjectConfigurationPlatforms) = postSolution
		{766BD757-79DB-44DA-914E-07BD381D56D2}.Debug|Any CPU.ActiveCfg = Debug|Any CPU
		{766BD757-79DB-44DA-914E-07BD381D56D2}.Debug|Any CPU.Build.0 = Debug|Any CPU
		{766BD757-79DB-44DA-914E-07BD381D56D2}.Release|Any CPU.ActiveCfg = Release|Any CPU
		{766BD757-79DB-44DA-914E-07BD381D56D2}.Release|Any CPU.Build.0 = Release|Any CPU
	EndGlobalSection
	GlobalSection(SolutionProperties) = preSolution
		HideSolutionNode = FALSE
	EndGlobalSection
	GlobalSection(ExtensibilityGlobals) = postSolution
		SolutionGuid = {61A17290-C895-47D7-A999-483D0B1377F3}
	EndGlobalSection
EndGlobal
